
Microsoft Visual Studio Solution File, Format Version 12.00
# Visual Studio Version 17
VisualStudioVersion = 17.5.33530.505
MinimumVisualStudioVersion = 10.0.40219.1
Project("{9A19103F-16F7-4668-BE54-9A1E7A4F7556}") = "BlazorApp-empty1.Server", "Server\BlazorApp-empty1.Server.csproj", "{059CEBFA-2C9A-4824-B275-891852E54F10}"
EndProject
Project("{9A19103F-16F7-4668-BE54-9A1E7A4F7556}") = "BlazorApp-empty1.Client", "Client\BlazorApp-empty1.Client.csproj", "{045C3AD1-8298-4BC8-86D0-6B2B1E396514}"
EndProject
Project("{9A19103F-16F7-4668-BE54-9A1E7A4F7556}") = "BlazorApp-empty1.Shared", "Shared\BlazorApp-empty1.Shared.csproj", "{175A74A2-70D9-4851-BA59-2386550346BC}"
EndProject
Global
	GlobalSection(SolutionConfigurationPlatforms) = preSolution
		Debug|Any CPU = Debug|Any CPU
		Release|Any CPU = Release|Any CPU
	EndGlobalSection
	GlobalSection(ProjectConfigurationPlatforms) = postSolution
		{059CEBFA-2C9A-4824-B275-891852E54F10}.Debug|Any CPU.ActiveCfg = Debug|Any CPU
		{059CEBFA-2C9A-4824-B275-891852E54F10}.Debug|Any CPU.Build.0 = Debug|Any CPU
		{059CEBFA-2C9A-4824-B275-891852E54F10}.Release|Any CPU.ActiveCfg = Release|Any CPU
		{059CEBFA-2C9A-4824-B275-891852E54F10}.Release|Any CPU.Build.0 = Release|Any CPU
		{045C3AD1-8298-4BC8-86D0-6B2B1E396514}.Debug|Any CPU.ActiveCfg = Debug|Any CPU
		{045C3AD1-8298-4BC8-86D0-6B2B1E396514}.Debug|Any CPU.Build.0 = Debug|Any CPU
		{045C3AD1-8298-4BC8-86D0-6B2B1E396514}.Release|Any CPU.ActiveCfg = Release|Any CPU
		{045C3AD1-8298-4BC8-86D0-6B2B1E396514}.Release|Any CPU.Build.0 = Release|Any CPU
		{175A74A2-70D9-4851-BA59-2386550346BC}.Debug|Any CPU.ActiveCfg = Debug|Any CPU
		{175A74A2-70D9-4851-BA59-2386550346BC}.Debug|Any CPU.Build.0 = Debug|Any CPU
		{175A74A2-70D9-4851-BA59-2386550346BC}.Release|Any CPU.ActiveCfg = Release|Any CPU
		{175A74A2-70D9-4851-BA59-2386550346BC}.Release|Any CPU.Build.0 = Release|Any CPU
	EndGlobalSection
	GlobalSection(SolutionProperties) = preSolution
		HideSolutionNode = FALSE
	EndGlobalSection
	GlobalSection(ExtensibilityGlobals) = postSolution
		SolutionGuid = {4E3F150B-CC6C-4FCD-94BD-92D10EB53A92}
	EndGlobalSection
EndGlobal
